# This file is generated by running "yarn install" inside your project.
# Manual changes might be lost - proceed with caution!

__metadata:
  version: 8
  cacheKey: 10c0

"liquid-glass-react@npm:^1.1.1":
  version: 1.1.1
  resolution: "liquid-glass-react@npm:1.1.1"
  peerDependencies:
    react: ">=19"
    react-dom: ">=19"
  checksum: 10c0/ce0a7dd2e085fb22181c67fac8feb79fbd0733fa9b61201f6b986e958b24a42fa0e743f4c4b785cec5581d728d655167b3512baaa1f6faf29cbfac6b0e6102e9
  languageName: node
  linkType: hard

"root-workspace-0b6124@workspace:.":
  version: 0.0.0-use.local
  resolution: "root-workspace-0b6124@workspace:."
  dependencies:
    liquid-glass-react: "npm:^1.1.1"
  languageName: unknown
  linkType: soft
